{
    "_meta": {
        "hash": {
            "sha256": "ba6057b6836ab10707abacbf780bbad71a3fac5f259f3b9a4f141a1bd4c2c025"
        },
        "pipfile-spec": 6,
        "requires": {
            "python_version": "3.6"
        },
        "sources": [
            {
                "name": "pypi",
                "url": "https://pypi.org/simple",
                "verify_ssl": true
            }
        ]
    },
    "default": {
        "certifi": {
            "hashes": [
                "sha256:59b7658e26ca9c7339e00f8f4636cdfe59d34fa37b9b04f6f9e9926b3cece1a5",
                "sha256:b26104d6835d1f5e49452a26eb2ff87fe7090b89dfcaee5ea2212697e1e1d7ae"
            ],
            "version": "==2019.3.9"
        },
        "chardet": {
            "hashes": [
                "sha256:84ab92ed1c4d4f16916e05906b6b75a6c0fb5db821cc65e70cbd64a3e2a5eaae",
                "sha256:fc323ffcaeaed0e0a02bf4d117757b98aed530d9ed4531e3e15460124c106691"
            ],
            "version": "==3.0.4"
        },
        "cloudpickle": {
            "hashes": [
                "sha256:604c1cb39c2043ba44f017444dd89b7f82541701dfa8a64f5ae72e6346755c0b",
                "sha256:b0e63dd89ed5285171a570186751bc9b84493675e99e12789e9a5dc5490ef554"
            ],
            "index": "pypi",
            "version": "==0.5.2"
        },
        "cycler": {
            "hashes": [
                "sha256:1d8a5ae1ff6c5cf9b93e8811e581232ad8920aeec647c37316ceac982b08cb2d",
                "sha256:cd7b2d1018258d7247a71425e9f26463dfb444d411c39569972f4ce586b0c9d8"
            ],
            "version": "==0.10.0"
        },
        "cython": {
            "hashes": [
                "sha256:050b082accb95c0a3a6a9dd1ec6fb0bea5321f5b894c8fd0dc6c3abebb68822b",
                "sha256:22e2b55baaa2c7d5aee0376fd1cca39a6036598b9423d8ecd44c514fde1952c3",
                "sha256:2be438190b1acce073f3aa4220fdbefb7fc910204dc0a82ef725802195e58dfb",
                "sha256:2da461af4845cf858f6ef366e74093917cce731f70e95e03b24e9c8e66d62e6d",
                "sha256:46e9d20bd1a7431ac58f95d0b8e5ec14d33363b49bfa1a6245621037fb5bbd49",
                "sha256:50a735fccd946217d1dd06a06ac16a582a1a1169c16588e234284b12d7d08d3f",
                "sha256:63ddf6ea98dff4dc1d3567412015dbc21dbb728323b2f93ba7bc5994db28bbe2",
                "sha256:6976bc08d6a6d1ea53564df6d9ab0bf1fa3e073556e2520931dffa5c3d68b5c3",
                "sha256:6c5d33f1b5c864382fbce810a8fd9e015447869ae42e98e6301e977b8165e7ae",
                "sha256:6db2fa279e235a9feef96833eb34be2a807add214a253e5e92e99b4b0e6659c2",
                "sha256:71e44d9a85dbba538e5c2d0eb8b09b2233b0938010345d5e5bae428b429e6c47",
                "sha256:750d9bb4aad23ddd61061d7a4e271bb39df1886c90861faf0b21c9219fd1c2c3",
                "sha256:7a262e2e2807e05cacef76c1333bb5b5f46d882d1a6eca1a38c65a0c29df2a64",
                "sha256:7f65d40728c6170f7f5a8a9329ba65568069b08581d899c44efb80c7d751524a",
                "sha256:8002f39d504120ff0125783dd00464806c6d77519c63f7899c1781d68d7a7887",
                "sha256:8cdf96a9ae2201a6423252dfe7a0d7121fdd451f9c81abd276d7112ad563f9fb",
                "sha256:a3ea96c1fb1f80b3216f6300067dba85a6c03e4070ef8c4a1a150618d358c265",
                "sha256:a8689c538ac7c3162df90f2b141aa9a210798485b8f6f72a31dedab60d3d06f7",
                "sha256:aee85f89c22d3d88e958050834c9d16ec6ce9c9b1ce6042ae6e7a2125c2dc3a9",
                "sha256:b05ad60e8b8750d3ce254ca3bd45bc222b8c9b7671affbda9bec36a36a24a484",
                "sha256:b1ef8bd48a3ff6743c2facb09b666ffa78414cc12f971a21b6f977ffd1968d26",
                "sha256:b890e55e7557d1a8a4e4defe082fdbabf241ac4a0fb38608e6ae50644dcc7d76",
                "sha256:bddf0db28eca8e650ec120e9d8724646b811c517eae9aa688253abc757547881",
                "sha256:be43609c12c85d2e3fefa4c0f7b6197431fdf7ea804e11a419709dc7df46d9ea",
                "sha256:be69dc0c85cfc78e808fb22753ab2a99bdbd124702b21141a77da50f2fdae00e",
                "sha256:d404cfa5e8595e8c0f81ff19d06a0dcfefcd9a3c8e2bf973985a6cc48731879b",
                "sha256:df0696840e4da454475b83bbe0f8f4f8d90b75e68bfff7bfbe5b97cecc50a1df",
                "sha256:f7cb71cafe05980404704045110f45c09143ed41dabadb91061c063dd543b924"
            ],
            "version": "==0.29.6"
        },
        "enum34": {
            "hashes": [
                "sha256:2d81cbbe0e73112bdfe6ef8576f2238f2ba27dd0d55752a776c41d38b7da2850",
                "sha256:644837f692e5f550741432dd3f223bbb9852018674981b1664e5dc339387588a",
                "sha256:6bd0f6ad48ec2aa117d3d141940d484deccda84d4fcd884f5c3d93c23ecd8c79",
                "sha256:8ad8c4783bf61ded74527bffb48ed9b54166685e4230386a9ed9b1279e2df5b1"
            ],
            "version": "==1.1.6"
        },
        "future": {
            "hashes": [
                "sha256:67045236dcfd6816dc439556d009594abf643e5eb48992e36beac09c2ca659b8"
            ],
            "version": "==0.17.1"
        },
        "glfw": {
            "hashes": [
                "sha256:51e2539e0e39eac124f47e4e032f817cd87b0d4f4836b65b90925e66adeb514d",
                "sha256:776b36a46875ec4e8ea0e206213935841261851f5bc19edd78d4d32cf0949580",
                "sha256:e8dfd4c774ba4643f84716bf13f191c2d7309a568b7e22ed11a40969a0aef786"
            ],
            "version": "==1.7.1"
        },
        "gtimer": {
            "hashes": [
                "sha256:a90d215bd53e748394cc10d6258fe2ee0cea9bf6acaa8bd9488aeb53c622af6a"
            ],
            "index": "pypi",
            "version": "==1.0.0b5"
        },
        "gym": {
            "hashes": [
                "sha256:6baf3f3b163e237869d92a64daeaa88f14f62bb1105863e45312505a19dbd652"
            ],
            "index": "pypi",
            "version": "==0.10.5"
        },
        "idna": {
            "hashes": [
                "sha256:c357b3f628cf53ae2c4c05627ecc484553142ca23264e593d327bcde5e9c3407",
                "sha256:ea8b7f6188e6fa117537c3df7da9fc686d485087abf6ac197f9c46432f7e4a3c"
            ],
            "version": "==2.8"
        },
        "imageio": {
            "hashes": [
                "sha256:1a2bbbb7cd38161340fa3b14d806dfbf914abf3ee6fd4592af2afb87d049f209",
                "sha256:42e65aadfc3d57a1043615c92bdf6319b67589e49a0aae2b985b82144aceacad"
            ],
            "version": "==2.5.0"
        },
        "joblib": {
            "hashes": [
                "sha256:1a9302d3e4f3bb23f41d47c9fddd635bcfe18d4ea0b94d416f5b121d52960d9a",
                "sha256:e5faacf0da7b3035dbca9d56210962b86564aafca71a25f4ea376a405455cd60"
            ],
            "index": "pypi",
            "version": "==0.9.4"
        },
        "llvmlite": {
            "hashes": [
                "sha256:035d55963fc45e0074aa0e5659dd2f37c1ebaabe2f803404e4b2857a5c8b692c",
                "sha256:07ed7e38be53611dce7daa36274469dd99995b149c361efc9f509aa8569c2088",
                "sha256:0c5765dca193710ae6bb025961515126cc5ff50121f7eb9b092c422fbc889636",
                "sha256:0dc9bd9e1ec44768dae990d026f9e25467a286d534550bf7185dbb0ddde9850a",
                "sha256:1770d6b4a234cbe87f58ce32bde5d83a7890ad7f1a3cf767baae07baba0f7673",
                "sha256:28b24ab2e95f80b2c4db9f97dd21b1630c35b427e429ac13b841f190146e420d",
                "sha256:2a0703efaf5e0abce62effd200facb5c491e8452471d40866e0afe4f9698261b",
                "sha256:36c280ad6fdfa79e69853ed706a5007ad3d3b9fcc6c4217aca0610b93f25a907",
                "sha256:3e7c020931bca3afb9aaf0a768abee7e689bdede56b1c832cef17d6c3a7d86a1",
                "sha256:4039e6350b22de27576405693b2fe72e8e3f63175f1a6b7f60a97d2235f05ab8",
                "sha256:4c337e847a0f3f491361cb7cc90835b17fbe898994d175e4c8f444fbcf2dffd3",
                "sha256:4e68173ab3be4654ecdbf9238347e23005405f2f5eb6a4e9b48f6e4f0d5a0e50",
                "sha256:4f9a3bac281806fc8d0f06c339ad7f295637edcb2a13621853e024941d53bd0e",
                "sha256:5112f5f7072d3d5c4615cb9f173701a42f3883d26f17ec1b4d8a442f80caa14a",
                "sha256:51fb457dcda0df1cf07ccc89278f9408c4a10504d2d64e44a354e1cb97c96c0f",
                "sha256:55561dffb145356dc1633f3cf325c11675e2d12b23adc6c6c3b4ef268d28d50f",
                "sha256:59c6dcc8a37fee7703b444018d2c2929dce854f15c9a7db868a02ebe2f2e9302",
                "sha256:82f42b16fdea19d0b166bfe2f0b01cab13deec9cb3c47b70a20c870968d0dbe2",
                "sha256:965fd21608977899bd0b9d03b7ce20df5d884753fb50aa34c84cfe11579df7a8",
                "sha256:99bfe5d20344dce92d159f4cdaaac953a1e50b13aaeeab72c4c243bd60ce5819",
                "sha256:a189c0cd8a80e8bbd002a1e422b1efcc2bceab2cb63b961f2d03ab711c3ba45b",
                "sha256:b0decf92f8de3fa2125e7b4822d5460488cfdf0a18b81b482c4865a17e8980af",
                "sha256:ddc7c4e4dd7851f845a3e4044ab4a83a3b6c46462f002b6c8c06bdb5d4a70a9f",
                "sha256:dde4b5e4298976bd721974657ce76178176ea5e55437346b0d52503c0acb5db1",
                "sha256:e91a044a996197c67dd8f73c02ab332c6deca090e3f6152ef0849e5c03e8ca21"
            ],
            "version": "==0.28.0"
        },
        "lockfile": {
            "hashes": [
                "sha256:6aed02de03cba24efabcd600b30540140634fc06cfa603822d508d5361e9f799",
                "sha256:6c3cb24f344923d30b2785d5ad75182c8ea7ac1b6171b08657258ec7429d50fa"
            ],
            "index": "pypi",
            "version": "==0.12.2"
        },
        "matplotlib": {
            "hashes": [
                "sha256:025f49079f840dc887e593d86aa0cc02671bd9363919f209c1145fc12743df94",
                "sha256:0ffbc44faa34a8b1704bc108c451ecf87988f900ef7ce757b8e2e84383121ff1",
                "sha256:1da49090f6286f54cdbccc423bed35417f621172d9aecbfc9608b87b99a73a11",
                "sha256:2a251c6c87cceb4677e3c35a8e1c73973d05025d8ed6322861102e1a336db5f8",
                "sha256:30a3d8700dcad90eb43dcbde5107ccc5ec67241f34de377de11dbef371e4a683",
                "sha256:481da65b536183497952d0f620defea88206edb8387839a2802951956492cb1d",
                "sha256:64410b788c81e1f50ad7066d245e0a3421fbc278d2e26c34e2e4681f2a023b64",
                "sha256:647c02a9f333cb7055f42527cf2bd85fb3615fd8de0cce4648d327efaffe5458",
                "sha256:64dcf5e99d6c0b100903d4c8a339dbac6e0822870ef420fc09f656deb1dd73c6",
                "sha256:7671819e29e43635f4e1fddc06dd86cd9d5a2fdeb67312538791e222e7ae3af7",
                "sha256:8168cc902aaa965f033c099238b80f5a8853664324c5837b10fee688c12ec3b6",
                "sha256:8814f728b1f037ebc20e7216f0c498bdd17daefa1a44d99f2466a4c21d0ff541",
                "sha256:8e009ec991f39dc1c0f6f891bfb68e794a08ac98b5c343274099da2865e2f932",
                "sha256:afd8cb8194ee5500d7b5b9be034d9c13b0a3db0288d8988abaaa94b4ec7bbca5",
                "sha256:c23aca1fb3546b4b60a8ff16c1318874da05bf0dc47accd9cd818a99ad7b35d2",
                "sha256:c7bae47ab1c15da0265f8aa2d183457afd05c78fbb77e960a346bc87b3fdb57c",
                "sha256:d0da5ceba1a77130603b7b8cc3e5b8c58b7e733d3948fcec1fcf4aa812b024cc",
                "sha256:ec9f09fd35624b735271997527e2c2fd7f905d1612ce5dabdda4836a15ab7411"
            ],
            "index": "pypi",
            "version": "==2.0.2"
        },
        "mujoco-py": {
            "hashes": [
                "sha256:53163672e63505caee9bb9db2f1fa3f722c20124d16b3e6d13c2fc78eb0e5e34"
            ],
            "index": "pypi",
            "version": "==1.50.1"
        },
        "multiworld": {
            "git": "https://github.com/vitchyr/multiworld.git",
            "ref": "b073e69c6991e877723ee55f85a3dfc57bed8674"
        },
        "numba": {
            "hashes": [
                "sha256:11564937757605bee590c5758c73cfe9fd6d569726b56d970316a6228971ecc3",
                "sha256:127ac000ceba4dfea8b01094c0d7285efd8157bff341f8eb266da8e990ea99f8",
                "sha256:247169d632d31aa1f379cea197f43491db89715b39aaa6fa0f5aa564cf912c6d",
                "sha256:287df36d8bb03c70fbcb6f2bc86cedf4f2ebe92f1b9f7a13f5bc8472aa5293cf",
                "sha256:4be9e67deef76e2185c439d9dd3a143ce3dd40064c24173fa360074a4c9bd6eb",
                "sha256:5ebbcdf191532b03c099d348cd5d46f3fec876145f7f9a4cc39eadffa3ce3b00",
                "sha256:6f055324a30f6a0719addd09fc520e7abe96f1cb30d47a81b9dd0f02d1313912",
                "sha256:72151900f6cea46aa388a3b06cfb267917a5d5085e2fcda3076e13a70b994b02",
                "sha256:77d9e3e470933586a90567c425dc58c2cf40a3a9959da3349d3573374696ec73",
                "sha256:957a3d123303f6d631229a35e4ef349384d994ddfb5d080ebfa833728b8dd554",
                "sha256:bbc3e4c9513656d60d6297686db6ae3cd0f06ad77fe637cab20728b0d889d213",
                "sha256:bec041e500d8439403bf495b36722c609e4ece26af4d7dda4ce655a2dc8979f6",
                "sha256:dabdd6b815ec98a46e917d2b132bc4afcc1208eb6f6555bfe376b4b3b162408f",
                "sha256:e490773cce0a5ba8babd9f7e0e81a5ee3fd286675bd8b4a4619f0782ec58d139",
                "sha256:f8f90388316437773202e0bb38437ac0c8052a589cf7b33c5980a6ec5b14c32e",
                "sha256:fe9e2b95cf436ae8130341bd9512e9b4dbb2cfcb126141ff4f7184d770a0c970"
            ],
            "index": "pypi",
            "version": "==0.35.0"
        },
        "numpy": {
            "hashes": [
                "sha256:1226e259d796207e8ef36762dce139e7da1cc0bb78f5d54e739252acd07834e5",
                "sha256:135586ce1966dbecd9494ba30cb9beca93fad323ef9264c21efc2a0b59e449d2",
                "sha256:195604fc19a9333f3342fcad93094b6a21bc6e6b28d7bfec14d120cb4391a032",
                "sha256:2137ec3cb1a2dba2658253d111d267d2ae0e6a545cd6560ad60317a56e54ae12",
                "sha256:276cbb35b69eb2f0d5f264b7c71bdc1f4e91ecd3125d32cd1839873268239892",
                "sha256:2e0fc5248246a64628656fe14fcab0a959741a2820e003bd15538226501b82f7",
                "sha256:3907299380cd824d9feef9780340c0bc1ba2af1217fc927a931e5f193b8c2dea",
                "sha256:5941d3dbd0afed1ecd3746c0371b2a8b79977d084004cc320c2a4cf9d88589d8",
                "sha256:674d0c1318890357f27ce3a8939e643eaf55140cfb8e84730aeee1dd769b0c21",
                "sha256:71a6aa8b8c9f666b541208d38b30c84df1666e4cc02fb33b59086aaea10affad",
                "sha256:7c6eb737dc3d53977c558d57625dfbecd9900a5807ff17edd6842a102cb95c3b",
                "sha256:8cd184b0341e1db3a5619c85f875ce511ef0eb7ec01ec320116959a3de77f1b8",
                "sha256:9e4228ac322743dea101a90305ee6d54b4bf82f15d6499e55d1d9cef17bccdbb",
                "sha256:ab2af03dabecb97de27badfa944c56d799774a1fa975d52083197bb81858b742",
                "sha256:ab810c942ead3f5988a7bef95dc6e85b586b6e814b83d571dfbca879e245bd45",
                "sha256:ca37b5bebcc4ebde39dfbff0bda69fdc28785a8ff21155fd7adacf473c7b40dd",
                "sha256:cca8af884cbf220656ca2f8f9120a634e5cfb5fdcb0a21fd83ec279cc4f46654",
                "sha256:dbde406bdbde500ed42420e18b150da2c5cef962bb217be3152f93ec9af66152",
                "sha256:dd1800ec19192fd853bc255917eb3ecb34de268551b9c561f36d089023883807",
                "sha256:f0824beb03aff58d4062508b1dd4f737f08f5d2369f25a73c2350fe081beab2c",
                "sha256:f8b30c76e0f805da7ea641f52c3f6bade55d50a0767f9c89c50e4c42b2a1b34c"
            ],
            "index": "pypi",
            "version": "==1.11.3"
        },
        "opencv-python": {
            "hashes": [
                "sha256:1703a296a96d3d46615e5053f224867977accb4240bcaa0fcabcb0768bf5ac13",
                "sha256:1777ce7535ee7a1995cae168a107a1320e9df13648b930e72a1a2c2eccd64cda",
                "sha256:1e5520482fb18fbd64d079e7f17ac0018f195fd75f6360a53bb82d7903106b50",
                "sha256:25522dcf2529614750a71112a6659759080b4bdc2323f19d47f4d895960fd796",
                "sha256:2af5f2842ad44c65ae2647377e0ff198719e1a1cfc9c6a19bc0c525c035d4bd8",
                "sha256:31ec48d7eca13fc25c287dea7cecab453976e372cad8f50d55c054a247efda21",
                "sha256:47cf48ff5dbd554e9f58cc9e98cf0b5de3f6a971172612bffa06bc5fb79ce872",
                "sha256:494f98366bb5d6c2ac7e50e6617139f353704fd97a6d12ec9d392e72817d5cb0",
                "sha256:4a9845870739e640e3350a8d98d511c92c087fe3d66090e83be7bf94e0ac64f7",
                "sha256:4ac29cc0847d948a6636899014e84e165c30cc8779d6218394d44363462a01ce",
                "sha256:5857ace03b7854221abf8072462d306c2c2ce4e366190b21d90ee8ee8aaf5bb4",
                "sha256:5b4a23d99d5a2874767034466f5a8fd37b9f93ac14955a01b1a208983c76b9ad",
                "sha256:734d87a5021c037064beb62133e135e66c7128e401a63b8b842b809ae2093749",
                "sha256:78005c1c5d15ef4e32e0f485557bd15b5b6d87f49c19db7fe3e9246a61ebe7e4",
                "sha256:81ae2283225c5c52fc3d72debd4241c30ccff2bb922578bf7867f9851cce3acb",
                "sha256:88dbf900f297fdae0f62b899d6a784d8868ec2135854c5f8a9abbad00a6f0c5b",
                "sha256:8c98ea7b8d327a31cd6028782a06147d0e0329ae8e829e881fb5d02f7ed8aec9",
                "sha256:937d4686fef6967921145290f5b50c01c00c5b5d3542a6519e8a85cd88448723",
                "sha256:a057958c0e362b3c4f03b9af1cbdb6d5af035fd22ecd7fd794eba8fdeb049eb8",
                "sha256:c41eab31fa2c641226c6187caa391a688d064c99f078d604574f1912296b771f",
                "sha256:cf4f7e62d1f80d1fa85a1693a3500def5cde54b2b75212b3609e552e4c25acfb",
                "sha256:d90d60143e18334330c149f293071c9f2f3c79c896f33dc4ec65099e58baaaa7",
                "sha256:db3106b7ca86999a7bd1f2fcc93e49314e5e6e451356774e421a69428df5020b",
                "sha256:dbaf264db56f4771dfac6624f438bc4dc670aa94f61a6138848fcab7e9e77380",
                "sha256:e65206c4cf651dc9cf0829962fae8bec986767c9f123d6a1ad17f9356bf7257e",
                "sha256:eac94ddc78c58e891cff7180274317dad2938a4ddfc6ced1c04846c7f50e77e9",
                "sha256:f2e828711f044a965509c862b3a59b3181e9c56c145a950cb53d43fec54e66d2"
            ],
            "index": "pypi",
            "version": "==4.1.0.25"
        },
        "pillow": {
            "hashes": [
                "sha256:15c056bfa284c30a7f265a41ac4cbbc93bdbfc0dfe0613b9cb8a8581b51a9e55",
                "sha256:1a4e06ba4f74494ea0c58c24de2bb752818e9d504474ec95b0aa94f6b0a7e479",
                "sha256:1c3c707c76be43c9e99cb7e3d5f1bee1c8e5be8b8a2a5eeee665efbf8ddde91a",
                "sha256:1fd0b290203e3b0882d9605d807b03c0f47e3440f97824586c173eca0aadd99d",
                "sha256:24114e4a6e1870c5a24b1da8f60d0ba77a0b4027907860188ea82bd3508c80eb",
                "sha256:258d886a49b6b058cd7abb0ab4b2b85ce78669a857398e83e8b8e28b317b5abb",
                "sha256:33c79b6dd6bc7f65079ab9ca5bebffb5f5d1141c689c9c6a7855776d1b09b7e8",
                "sha256:367385fc797b2c31564c427430c7a8630db1a00bd040555dfc1d5c52e39fcd72",
                "sha256:3c1884ff078fb8bf5f63d7d86921838b82ed4a7d0c027add773c2f38b3168754",
                "sha256:44e5240e8f4f8861d748f2a58b3f04daadab5e22bfec896bf5434745f788f33f",
                "sha256:46aa988e15f3ea72dddd81afe3839437b755fffddb5e173886f11460be909dce",
                "sha256:74d90d499c9c736d52dd6d9b7221af5665b9c04f1767e35f5dd8694324bd4601",
                "sha256:809c0a2ce9032cbcd7b5313f71af4bdc5c8c771cb86eb7559afd954cab82ebb5",
                "sha256:85d1ef2cdafd5507c4221d201aaf62fc9276f8b0f71bd3933363e62a33abc734",
                "sha256:8c3889c7681af77ecfa4431cd42a2885d093ecb811e81fbe5e203abc07e0995b",
                "sha256:9218d81b9fca98d2c47d35d688a0cea0c42fd473159dfd5612dcb0483c63e40b",
                "sha256:9aa4f3827992288edd37c9df345783a69ef58bd20cc02e64b36e44bcd157bbf1",
                "sha256:9d80f44137a70b6f84c750d11019a3419f409c944526a95219bea0ac31f4dd91",
                "sha256:b7ebd36128a2fe93991293f997e44be9286503c7530ace6a55b938b20be288d8",
                "sha256:c4c78e2c71c257c136cdd43869fd3d5e34fc2162dc22e4a5406b0ebe86958239",
                "sha256:c6a842537f887be1fe115d8abb5daa9bc8cc124e455ff995830cc785624a97af",
                "sha256:cf0a2e040fdf5a6d95f4c286c6ef1df6b36c218b528c8a9158ec2452a804b9b8",
                "sha256:cfd28aad6fc61f7a5d4ee556a997dc6e5555d9381d1390c00ecaf984d57e4232",
                "sha256:dca5660e25932771460d4688ccbb515677caaf8595f3f3240ec16c117deff89a",
                "sha256:de7aedc85918c2f887886442e50f52c1b93545606317956d65f342bd81cb4fc3",
                "sha256:e6c0bbf8e277b74196e3140c35f9a1ae3eafd818f7f2d3a15819c49135d6c062"
            ],
            "version": "==6.0.0"
        },
        "pygame": {
            "hashes": [
                "sha256:06dc92ccfea33b85f209db3d49f99a2a30c88fe9fb80fa2564cee443ece787b5",
                "sha256:0919a2ec5fcb0d00518c2a5fa99858ccf22d7fbcc0e12818b317062d11386984",
                "sha256:0a8c92e700e0042faefa998fa064616f330201890d6ea1c993eb3ff30ab53e99",
                "sha256:220a1048ebb3d11a4d48cc4219ec8f65ca62fcafd255239478677625e8ead2e9",
                "sha256:315861d2b8428f7b4d56d2c98d6c1acc18f08c77af4b129211bc036774f64be2",
                "sha256:3469e87867832fe5226396626a8a6a9dac9b2e21a7819dd8cd96cf0e08bbcd41",
                "sha256:54c19960180626165512d596235d75dc022d38844467cec769a8d8153fd66645",
                "sha256:5ba598736ab9716f53dc943a659a9578f62acfe00c0c9c5490f3aca61d078f75",
                "sha256:60ddc4f361babb30ff2d554132b1f3296490f3149d6c1c77682213563f59937a",
                "sha256:6a49ab8616a9de534f1bf62c98beabf0e0bb0b6ff8917576bba22820bba3fdad",
                "sha256:6d4966eeba652df2fd9a757b3fc5b29b578b47b58f991ad714471661ea2141cb",
                "sha256:700d1781c999af25d11bfd1f3e158ebb660f72ebccb2040ecafe5069d0b2c0b6",
                "sha256:73f4c28e894e76797b8ccaf6eb1205b433efdb803c70f489ebc3db6ac9c097e6",
                "sha256:786eca2bea11abd924f3f67eb2483bcb22acff08f28dbdbf67130abe54b23797",
                "sha256:7bcf586a1c51a735361ca03561979eea3180de45e6165bcdfa12878b752544af",
                "sha256:82a1e93d82c1babceeb278c55012a9f5140e77665d372a6d97ec67786856d254",
                "sha256:9e03589bc80a21ae951fca7659a767b7cac668289937e3756c0ab3d753cf6d24",
                "sha256:aa8926a4e34fb0943abe1a8bb04a0ad82265341bf20064c0862db0a521100dfc",
                "sha256:aa90689b889c417d2ac571ef2bbb5f7e735ae30c7553c60fae7508404f46c101",
                "sha256:c9f8cdefee267a2e690bf17d61a8f5670b620f25a981f24781b034363a8eedc9",
                "sha256:d9177afb2f46103bfc28a51fbc49ce18987a857e5c934db47b4a7030cb30fbd0",
                "sha256:deb0551d4bbfb8131e2463a7fe1943bfcec5beb11acdf9c4bfa27fa5a9758d62",
                "sha256:e7edfe57a5972aa9130ce9a186020a0f097e7a8e4c25e292109bdae1432b77f9",
                "sha256:f0ad32efb9e26160645d62ba6cf3e5a5828dc4e82e8f41f9badfe7b685b07295"
            ],
            "index": "pypi",
            "version": "==1.9.4"
        },
        "pyglet": {
            "hashes": [
                "sha256:4a8ddb659f812435ff30e3eea30b82bafaf5b215367a8ad113c4ba5eec8358b3",
                "sha256:db64c255ede9b43c04adda3f7a840c20ea266bbf932408b6077fcc73481b5086"
            ],
            "version": "==1.4.0b1"
        },
        "pyparsing": {
            "hashes": [
                "sha256:1873c03321fc118f4e9746baf201ff990ceb915f433f23b395f5580d1840cb2a",
                "sha256:9b6323ef4ab914af344ba97510e966d64ba91055d6b9afa6b30799340e89cc03"
            ],
            "version": "==2.4.0"
        },
        "python-dateutil": {
            "hashes": [
                "sha256:7e6584c74aeed623791615e26efd690f29817a27c73085b78e4bad02493df2fb",
                "sha256:c89805f6f4d64db21ed966fda138f8a5ed7a4fdbc1a8ee329ce1b74e3c74da9e"
            ],
            "version": "==2.8.0"
        },
        "pytz": {
            "hashes": [
                "sha256:303879e36b721603cc54604edcac9d20401bdbe31e1e4fdee5b9f98d5d31dfda",
                "sha256:d747dd3d23d77ef44c6a3526e274af6efeb0a6f1afd5a69ba4d5be4098c8e141"
            ],
            "version": "==2019.1"
        },
        "requests": {
            "hashes": [
                "sha256:502a824f31acdacb3a35b6690b5fbf0bc41d63a24a45c4004352b0242707598e",
                "sha256:7bf2a778576d825600030a110f3c0e3e8edc51dfaafe1c146e39a2027784957b"
            ],
            "version": "==2.21.0"
        },
        "scipy": {
            "hashes": [
                "sha256:103fd8253fd3f0df3f50a554abc01b13bee1d70483f23bb03636a74b0a0cbc71",
                "sha256:11cddcfc348ef593feb4ffe4b69c18a064eca199602f751d34083838bdc2f05a",
                "sha256:164f774de04e546fd10e1894d423b54e36255bb42887e005f0fbfb8eef6736f1",
                "sha256:1766acf2d8ff79ed59cae841d4272587af94772f513619dd217226027bd2ab76",
                "sha256:200ca3dfebbd0bbacbc0d7389e6eda77428b49793cc1e0e3247f835687d1a6be",
                "sha256:232a848a9935c37ffe2cade857296a13680724aef7d4623160dd08f99dbb9d02",
                "sha256:3eb28bdc6f40a964761c1cb339e45fef076ea2ca729886e1bce956932ef7e487",
                "sha256:3fab61f6ffbc1da9e1f8e813ba235929b5f361c1fdd728d120ead8f78560427c",
                "sha256:4a2837b07e77f8e2fc5303f38e224d7fd9f79f8cbf9c60ac72cf98594e1db6b5",
                "sha256:4a9f5a3adbfd08dd047de48a6b436bd4dae364913aa5b6349a41e9eaeb774050",
                "sha256:544e6f7796b9c131f8f965967e806da187553abf5d7766278b96a2a76abd19a7",
                "sha256:76f32095863f7eccecaf5224624d4c7f0f3b922b2cd0d0b0d6f037e4d9c54db6",
                "sha256:800abaa55cfad422f00f5b3802403dd634ab9888f560731c09977a3c35e0acae",
                "sha256:823a4b1a2eabd09f9e72003c14ceaac63f54d1f99a49f8c1b534f6a73135e995",
                "sha256:8739c67842ed9a1c34c62d6cca6301d0ade40d50ef14ba292bd331f0d6c940ba",
                "sha256:89c1d2a80760a373e7f12f490446c60a7221b641435a789439e8ddb01f5ab7d4",
                "sha256:a3287b438b3c13970c4851a34bbc82db11e4680d1d6cdedd066479ca83028042",
                "sha256:be6f0af3f591c100923158f3e3f0f12fa16a0b231616eda407c528e1f9e10014",
                "sha256:cc04cf28b9f77255eeb612af41a6f207142f92a082555871f782c773c83b7789",
                "sha256:cc85b9d10a5da07a6b27449d17584b1a3d953f7286189f170a6045c6c297b0bc",
                "sha256:f26e54dcdeec3daff6ec71854a7b3bba719b78cf07e2d23645ee09d67a5e93df",
                "sha256:f2a51f70ef868c03430ed40d8983daa2f38d2e2160a0de4b57b7d9d070912c76",
                "sha256:f7c0624de958e2e2e6353813c78aa4f5f3f1ed0a3567fb496b6dad99f55e695e"
            ],
            "index": "pypi",
            "version": "==1.0.1"
        },
        "six": {
            "hashes": [
                "sha256:3350809f0555b11f552448330d0b52d5f24c91a322ea4a15ef22629740f3761c",
                "sha256:d16a0141ec1a18405cd4ce8b4613101da75da0e9a7aec5bdd4fa804d0e0eba73"
            ],
            "version": "==1.12.0"
        },
        "torch": {
            "hashes": [
                "sha256:2e04bcc8b6536ba01a924cbcfb9eff2428be6c9cc73956df38dfcf63c948fbf5",
                "sha256:40ad926ebdef6db70811102ae1448584a0c338a2fce2ff718533b9016664398e",
                "sha256:43e40d9cf70d038fe9a9c06eaadf3f39756fe76a530a0bd1dec9f21654ee5851",
                "sha256:639e9414cd3a787c807206199bf3285815a41fac9b2e20aca0db9a971db5399e",
                "sha256:652b70751bbe974370feff27f51b6cd7856c14a57eb06fdd1c9f2dfcc2731401",
                "sha256:7822918f3d32a99db2bb5616a5c28d989d6e4b6a54d720cb25e60551dacafa1e",
                "sha256:96fd5e8ffc117f79d1baaa65da601d35411f341d90d8ca1204236925f164b043",
                "sha256:a002d509e98a3ea17f45affc5c440808d7ac119d7510bb27da7b184aafb59943",
                "sha256:c8dd2478d3e8c0da293c618be60432bb166fe36c50663e26b1fe9e7123365fe5"
            ],
            "index": "pypi",
            "version": "==1.0.1.post2"
        },
        "torchvision": {
            "hashes": [
                "sha256:4911188843c10a2c66e8f3d0c3989647e626a7a75b8387e2dbbb3e5aa96887ad"
            ],
            "index": "pypi",
            "version": "==0.2.2.post3"
        },
        "urllib3": {
            "hashes": [
                "sha256:61bf29cada3fc2fbefad4fdf059ea4bd1b4a86d2b6d15e1c7c0b582b9752fe39",
                "sha256:de9529817c93f27c8ccbfead6985011db27bd0ddfcdb2d86f3f663385c6a9c22"
            ],
            "version": "==1.24.1"
        }
    },
    "develop": {
        "appnope": {
            "hashes": [
                "sha256:5b26757dc6f79a3b7dc9fab95359328d5747fcb2409d331ea66d0272b90ab2a0",
                "sha256:8b995ffe925347a2138d7ac0fe77155e4311a0ea6d6da4f5128fe4b3cbe5ed71"
            ],
            "markers": "sys_platform == 'darwin'",
            "version": "==0.1.0"
        },
        "backcall": {
            "hashes": [
                "sha256:38ecd85be2c1e78f77fd91700c76e14667dc21e2713b63876c0eb901196e01e4",
                "sha256:bbbf4b1e5cd2bdb08f915895b51081c041bac22394fdfcfdfbe9f14b77c08bf2"
            ],
            "version": "==0.1.0"
        },
        "decorator": {
            "hashes": [
                "sha256:86156361c50488b84a3f148056ea716ca587df2f0de1d34750d35c21312725de",
                "sha256:f069f3a01830ca754ba5258fde2278454a0b5b79e0d7f5c13b3b97e57d4acff6"
            ],
            "version": "==4.4.0"
        },
        "ipdb": {
            "hashes": [
                "sha256:dce2112557edfe759742ca2d0fee35c59c97b0cc7a05398b791079d78f1519ce"
            ],
            "index": "pypi",
            "version": "==0.12"
        },
        "ipython": {
            "hashes": [
                "sha256:b038baa489c38f6d853a3cfc4c635b0cda66f2864d136fe8f40c1a6e334e2a6b",
                "sha256:f5102c1cd67e399ec8ea66bcebe6e3968ea25a8977e53f012963e5affeb1fe38"
            ],
            "markers": "python_version >= '3.4'",
            "version": "==7.4.0"
        },
        "ipython-genutils": {
            "hashes": [
                "sha256:72dd37233799e619666c9f639a9da83c34013a73e8bbc79a7a6348d93c61fab8",
                "sha256:eb2e116e75ecef9d4d228fdc66af54269afa26ab4463042e33785b887c628ba8"
            ],
            "version": "==0.2.0"
        },
        "jedi": {
            "hashes": [
                "sha256:2bb0603e3506f708e792c7f4ad8fc2a7a9d9c2d292a358fbbd58da531695595b",
                "sha256:2c6bcd9545c7d6440951b12b44d373479bf18123a401a52025cf98563fbd826c"
            ],
            "version": "==0.13.3"
        },
        "parso": {
            "hashes": [
                "sha256:17cc2d7a945eb42c3569d4564cdf49bde221bc2b552af3eca9c1aad517dcdd33",
                "sha256:2e9574cb12e7112a87253e14e2c380ce312060269d04bd018478a3c92ea9a376"
            ],
            "version": "==0.4.0"
        },
        "pexpect": {
            "hashes": [
                "sha256:2094eefdfcf37a1fdbfb9aa090862c1a4878e5c7e0e7e7088bdb511c558e5cd1",
                "sha256:9e2c1fd0e6ee3a49b28f95d4b33bc389c89b20af6a1255906e90ff1262ce62eb"
            ],
            "markers": "sys_platform != 'win32'",
            "version": "==4.7.0"
        },
        "pickleshare": {
            "hashes": [
                "sha256:87683d47965c1da65cdacaf31c8441d12b8044cdec9aca500cd78fc2c683afca",
                "sha256:9649af414d74d4df115d5d718f82acb59c9d418196b7b4290ed47a12ce62df56"
            ],
            "version": "==0.7.5"
        },
        "prompt-toolkit": {
            "hashes": [
                "sha256:11adf3389a996a6d45cc277580d0d53e8a5afd281d0c9ec71b28e6f121463780",
                "sha256:2519ad1d8038fd5fc8e770362237ad0364d16a7650fb5724af6997ed5515e3c1",
                "sha256:977c6583ae813a37dc1c2e1b715892461fcbdaa57f6fc62f33a528c4886c8f55"
            ],
            "version": "==2.0.9"
        },
        "ptyprocess": {
            "hashes": [
                "sha256:923f299cc5ad920c68f2bc0bc98b75b9f838b93b599941a6b63ddbc2476394c0",
                "sha256:d7cc528d76e76342423ca640335bd3633420dc1366f258cb31d05e865ef5ca1f"
            ],
            "version": "==0.6.0"
        },
        "pygments": {
            "hashes": [
                "sha256:5ffada19f6203563680669ee7f53b64dabbeb100eb51b61996085e99c03b284a",
                "sha256:e8218dd399a61674745138520d0d4cf2621d7e032439341bc3f647bff125818d"
            ],
            "version": "==2.3.1"
        },
        "six": {
            "hashes": [
                "sha256:3350809f0555b11f552448330d0b52d5f24c91a322ea4a15ef22629740f3761c",
                "sha256:d16a0141ec1a18405cd4ce8b4613101da75da0e9a7aec5bdd4fa804d0e0eba73"
            ],
            "version": "==1.12.0"
        },
        "traitlets": {
            "hashes": [
                "sha256:9c4bd2d267b7153df9152698efb1050a5d84982d3384a37b2c1f7723ba3e7835",
                "sha256:c6cb5e6f57c5a9bdaa40fa71ce7b4af30298fbab9ece9815b5d995ab6217c7d9"
            ],
            "version": "==4.3.2"
        },
        "wcwidth": {
            "hashes": [
                "sha256:3df37372226d6e63e1b1e1eda15c594bca98a22d33a23832a90998faa96bc65e",
                "sha256:f4ebe71925af7b40a864553f761ed559b43544f8f71746c2d756c7fe788ade7c"
            ],
            "version": "==0.1.7"
        },
        "yapf": {
            "hashes": [
                "sha256:34f6f80c446dcb2c44bd644c4037a2024b6645e293a4c9c4521983dd0bb247a1",
                "sha256:613deba14233623ff3432d9d5032631b5f600be97b39f66932cbe67648bfa8ea"
            ],
            "index": "pypi",
            "version": "==0.27.0"
        }
    }
}
